
Microsoft Visual Studio Solution File, Format Version 12.00
# Visual Studio Version 17
VisualStudioVersion = 17.9.34622.214
MinimumVisualStudioVersion = 10.0.40219.1
Project("{FAE04EC0-301F-11D3-BF4B-00C04F79EFBC}") = "Villa.WebUI", "Villa.WebUI\Villa.WebUI.csproj", "{39B726A7-BD3D-4037-B117-3DD8F9D18674}"
EndProject
Project("{FAE04EC0-301F-11D3-BF4B-00C04F79EFBC}") = "Villa.Entities", "Villa.Entities\Villa.Entities.csproj", "{1C6EDA14-6E1B-4025-A1BB-66959F098522}"
EndProject
Project("{FAE04EC0-301F-11D3-BF4B-00C04F79EFBC}") = "Villa.Data", "Villa.Data\Villa.Data.csproj", "{E0D5DC48-9949-470D-9F1A-2766FB81A397}"
EndProject
Project("{FAE04EC0-301F-11D3-BF4B-00C04F79EFBC}") = "Villa.Businnes", "Villa.Businnes\Villa.Businnes.csproj", "{B1221C23-5D68-4D6C-8743-43E686CA14DE}"
EndProject
Project("{FAE04EC0-301F-11D3-BF4B-00C04F79EFBC}") = "Villa.DTO", "Villa.DTO\Villa.DTO.csproj", "{5CFBA29C-3AE8-43F0-91BC-99F7303D5470}"
EndProject
Global
	GlobalSection(SolutionConfigurationPlatforms) = preSolution
		Debug|Any CPU = Debug|Any CPU
		Release|Any CPU = Release|Any CPU
	EndGlobalSection
	GlobalSection(ProjectConfigurationPlatforms) = postSolution
		{39B726A7-BD3D-4037-B117-3DD8F9D18674}.Debug|Any CPU.ActiveCfg = Debug|Any CPU
		{39B726A7-BD3D-4037-B117-3DD8F9D18674}.Debug|Any CPU.Build.0 = Debug|Any CPU
		{39B726A7-BD3D-4037-B117-3DD8F9D18674}.Release|Any CPU.ActiveCfg = Release|Any CPU
		{39B726A7-BD3D-4037-B117-3DD8F9D18674}.Release|Any CPU.Build.0 = Release|Any CPU
		{1C6EDA14-6E1B-4025-A1BB-66959F098522}.Debug|Any CPU.ActiveCfg = Debug|Any CPU
		{1C6EDA14-6E1B-4025-A1BB-66959F098522}.Debug|Any CPU.Build.0 = Debug|Any CPU
		{1C6EDA14-6E1B-4025-A1BB-66959F098522}.Release|Any CPU.ActiveCfg = Release|Any CPU
		{1C6EDA14-6E1B-4025-A1BB-66959F098522}.Release|Any CPU.Build.0 = Release|Any CPU
		{E0D5DC48-9949-470D-9F1A-2766FB81A397}.Debug|Any CPU.ActiveCfg = Debug|Any CPU
		{E0D5DC48-9949-470D-9F1A-2766FB81A397}.Debug|Any CPU.Build.0 = Debug|Any CPU
		{E0D5DC48-9949-470D-9F1A-2766FB81A397}.Release|Any CPU.ActiveCfg = Release|Any CPU
		{E0D5DC48-9949-470D-9F1A-2766FB81A397}.Release|Any CPU.Build.0 = Release|Any CPU
		{B1221C23-5D68-4D6C-8743-43E686CA14DE}.Debug|Any CPU.ActiveCfg = Debug|Any CPU
		{B1221C23-5D68-4D6C-8743-43E686CA14DE}.Debug|Any CPU.Build.0 = Debug|Any CPU
		{B1221C23-5D68-4D6C-8743-43E686CA14DE}.Release|Any CPU.ActiveCfg = Release|Any CPU
		{B1221C23-5D68-4D6C-8743-43E686CA14DE}.Release|Any CPU.Build.0 = Release|Any CPU
		{5CFBA29C-3AE8-43F0-91BC-99F7303D5470}.Debug|Any CPU.ActiveCfg = Debug|Any CPU
		{5CFBA29C-3AE8-43F0-91BC-99F7303D5470}.Debug|Any CPU.Build.0 = Debug|Any CPU
		{5CFBA29C-3AE8-43F0-91BC-99F7303D5470}.Release|Any CPU.ActiveCfg = Release|Any CPU
		{5CFBA29C-3AE8-43F0-91BC-99F7303D5470}.Release|Any CPU.Build.0 = Release|Any CPU
	EndGlobalSection
	GlobalSection(SolutionProperties) = preSolution
		HideSolutionNode = FALSE
	EndGlobalSection
	GlobalSection(ExtensibilityGlobals) = postSolution
		SolutionGuid = {FF296655-DDD0-496C-9798-C838EE1AC18D}
	EndGlobalSection
EndGlobal
